
Microsoft Visual Studio Solution File, Format Version 12.00
# Visual Studio Version 17
VisualStudioVersion = 17.1.32210.238
MinimumVisualStudioVersion = 10.0.40219.1
Project("{FAE04EC0-301F-11D3-BF4B-00C04F79EFBC}") = "Printer", "Printer\Printer.csproj", "{A8F2AF51-8742-47DE-9EBF-73592C5C43B5}"
EndProject
Global
	GlobalSection(SolutionConfigurationPlatforms) = preSolution
		Debug|Any CPU = Debug|Any CPU
		Release|Any CPU = Release|Any CPU
	EndGlobalSection
	GlobalSection(ProjectConfigurationPlatforms) = postSolution
		{A8F2AF51-8742-47DE-9EBF-73592C5C43B5}.Debug|Any CPU.ActiveCfg = Debug|Any CPU
		{A8F2AF51-8742-47DE-9EBF-73592C5C43B5}.Debug|Any CPU.Build.0 = Debug|Any CPU
		{A8F2AF51-8742-47DE-9EBF-73592C5C43B5}.Release|Any CPU.ActiveCfg = Release|Any CPU
		{A8F2AF51-8742-47DE-9EBF-73592C5C43B5}.Release|Any CPU.Build.0 = Release|Any CPU
	EndGlobalSection
	GlobalSection(SolutionProperties) = preSolution
		HideSolutionNode = FALSE
	EndGlobalSection
	GlobalSection(ExtensibilityGlobals) = postSolution
		SolutionGuid = {6E21CB72-BFAF-4DEB-8583-75A09606AF64}
	EndGlobalSection
EndGlobal
